
Microsoft Visual Studio Solution File, Format Version 12.00
# Visual Studio Version 17
VisualStudioVersion = 17.11.35327.3
MinimumVisualStudioVersion = 10.0.40219.1
Project("{9A19103F-16F7-4668-BE54-9A1E7A4F7556}") = "CashTrackingApp", "CashTrackingApp\CashTrackingApp.csproj", "{CD877C85-A0B8-4396-963B-5FD421916FE7}"
EndProject
Project("{9A19103F-16F7-4668-BE54-9A1E7A4F7556}") = "CashTrackingAppTest", "CashTrackingAppTest\CashTrackingAppTest.csproj", "{A3BA893F-E7A4-4431-9508-5A1BA2E60389}"
EndProject
Global
	GlobalSection(SolutionConfigurationPlatforms) = preSolution
		Debug|Any CPU = Debug|Any CPU
		Release|Any CPU = Release|Any CPU
	EndGlobalSection
	GlobalSection(ProjectConfigurationPlatforms) = postSolution
		{CD877C85-A0B8-4396-963B-5FD421916FE7}.Debug|Any CPU.ActiveCfg = Debug|Any CPU
		{CD877C85-A0B8-4396-963B-5FD421916FE7}.Debug|Any CPU.Build.0 = Debug|Any CPU
		{CD877C85-A0B8-4396-963B-5FD421916FE7}.Debug|Any CPU.Deploy.0 = Debug|Any CPU
		{CD877C85-A0B8-4396-963B-5FD421916FE7}.Release|Any CPU.ActiveCfg = Release|Any CPU
		{CD877C85-A0B8-4396-963B-5FD421916FE7}.Release|Any CPU.Build.0 = Release|Any CPU
		{CD877C85-A0B8-4396-963B-5FD421916FE7}.Release|Any CPU.Deploy.0 = Release|Any CPU
		{A3BA893F-E7A4-4431-9508-5A1BA2E60389}.Debug|Any CPU.ActiveCfg = Debug|Any CPU
		{A3BA893F-E7A4-4431-9508-5A1BA2E60389}.Debug|Any CPU.Build.0 = Debug|Any CPU
		{A3BA893F-E7A4-4431-9508-5A1BA2E60389}.Release|Any CPU.ActiveCfg = Release|Any CPU
		{A3BA893F-E7A4-4431-9508-5A1BA2E60389}.Release|Any CPU.Build.0 = Release|Any CPU
	EndGlobalSection
	GlobalSection(SolutionProperties) = preSolution
		HideSolutionNode = FALSE
	EndGlobalSection
	GlobalSection(ExtensibilityGlobals) = postSolution
		SolutionGuid = {73435242-A2A8-4024-8CE4-07E570CA8AB6}
	EndGlobalSection
EndGlobal
